
Microsoft Visual Studio Solution File, Format Version 10.00
# Visual Studio 2008
Project("{FAE04EC0-301F-11D3-BF4B-00C04F79EFBC}") = "DotGecko.Gecko", "DotGecko.Gecko\DotGecko.Gecko.csproj", "{77F7C2BF-1597-4CB7-B14A-E3E0A49DB262}"
EndProject
Global
	GlobalSection(SolutionConfigurationPlatforms) = preSolution
		Debug|Any CPU = Debug|Any CPU
		Release|Any CPU = Release|Any CPU
	EndGlobalSection
	GlobalSection(ProjectConfigurationPlatforms) = postSolution
		{77F7C2BF-1597-4CB7-B14A-E3E0A49DB262}.Debug|Any CPU.ActiveCfg = Debug|Any CPU
		{77F7C2BF-1597-4CB7-B14A-E3E0A49DB262}.Debug|Any CPU.Build.0 = Debug|Any CPU
		{77F7C2BF-1597-4CB7-B14A-E3E0A49DB262}.Release|Any CPU.ActiveCfg = Release|Any CPU
		{77F7C2BF-1597-4CB7-B14A-E3E0A49DB262}.Release|Any CPU.Build.0 = Release|Any CPU
	EndGlobalSection
	GlobalSection(SolutionProperties) = preSolution
		HideSolutionNode = FALSE
	EndGlobalSection
EndGlobal
