
Microsoft Visual Studio Solution File, Format Version 11.00
# Visual Studio 2010
Project("{FAE04EC0-301F-11D3-BF4B-00C04F79EFBC}") = "DotGecko.Gecko", "DotGecko.Gecko\DotGecko.Gecko.csproj", "{77F7C2BF-1597-4CB7-B14A-E3E0A49DB262}"
EndProject
Project("{FAE04EC0-301F-11D3-BF4B-00C04F79EFBC}") = "DotGecko.Controls", "DotGecko.Controls\DotGecko.Controls.csproj", "{7655D20E-1BDD-44B7-A4BC-11FA9ECE17B9}"
EndProject
Project("{2150E333-8FDC-42A3-9474-1A3956D46DE8}") = "Solution Items", "Solution Items", "{25E34BD5-52F9-462A-83C7-7F35E492F455}"
	ProjectSection(SolutionItems) = preProject
		DotGecko.snk = DotGecko.snk
		Gecko.vsmdi = Gecko.vsmdi
		Local.testsettings = Local.testsettings
		TraceAndTestImpact.testsettings = TraceAndTestImpact.testsettings
	EndProjectSection
EndProject
Project("{2150E333-8FDC-42A3-9474-1A3956D46DE8}") = "Tests", "Tests", "{3198FC40-D34A-4872-9E46-364065C83903}"
EndProject
Project("{FAE04EC0-301F-11D3-BF4B-00C04F79EFBC}") = "DotGecko.Gecko.Tests", "DotGecko.Gecko.Tests\DotGecko.Gecko.Tests.csproj", "{C1327526-7473-4085-A00B-66C00075AD9F}"
EndProject
Project("{FAE04EC0-301F-11D3-BF4B-00C04F79EFBC}") = "DotGecko.Gecko.Interop", "DotGecko.Gecko.Interop\DotGecko.Gecko.Interop.csproj", "{F476D22E-11E6-4AC5-9243-034E068CBE82}"
EndProject
Global
	GlobalSection(TestCaseManagementSettings) = postSolution
		CategoryFile = Gecko.vsmdi
	EndGlobalSection
	GlobalSection(SolutionConfigurationPlatforms) = preSolution
		Debug|Any CPU = Debug|Any CPU
		Release|Any CPU = Release|Any CPU
	EndGlobalSection
	GlobalSection(ProjectConfigurationPlatforms) = postSolution
		{77F7C2BF-1597-4CB7-B14A-E3E0A49DB262}.Debug|Any CPU.ActiveCfg = Debug|Any CPU
		{77F7C2BF-1597-4CB7-B14A-E3E0A49DB262}.Debug|Any CPU.Build.0 = Debug|Any CPU
		{77F7C2BF-1597-4CB7-B14A-E3E0A49DB262}.Release|Any CPU.ActiveCfg = Release|Any CPU
		{77F7C2BF-1597-4CB7-B14A-E3E0A49DB262}.Release|Any CPU.Build.0 = Release|Any CPU
		{7655D20E-1BDD-44B7-A4BC-11FA9ECE17B9}.Debug|Any CPU.ActiveCfg = Debug|Any CPU
		{7655D20E-1BDD-44B7-A4BC-11FA9ECE17B9}.Debug|Any CPU.Build.0 = Debug|Any CPU
		{7655D20E-1BDD-44B7-A4BC-11FA9ECE17B9}.Release|Any CPU.ActiveCfg = Release|Any CPU
		{7655D20E-1BDD-44B7-A4BC-11FA9ECE17B9}.Release|Any CPU.Build.0 = Release|Any CPU
		{C1327526-7473-4085-A00B-66C00075AD9F}.Debug|Any CPU.ActiveCfg = Debug|Any CPU
		{C1327526-7473-4085-A00B-66C00075AD9F}.Debug|Any CPU.Build.0 = Debug|Any CPU
		{C1327526-7473-4085-A00B-66C00075AD9F}.Release|Any CPU.ActiveCfg = Release|Any CPU
		{C1327526-7473-4085-A00B-66C00075AD9F}.Release|Any CPU.Build.0 = Release|Any CPU
		{F476D22E-11E6-4AC5-9243-034E068CBE82}.Debug|Any CPU.ActiveCfg = Debug|Any CPU
		{F476D22E-11E6-4AC5-9243-034E068CBE82}.Debug|Any CPU.Build.0 = Debug|Any CPU
		{F476D22E-11E6-4AC5-9243-034E068CBE82}.Release|Any CPU.ActiveCfg = Release|Any CPU
		{F476D22E-11E6-4AC5-9243-034E068CBE82}.Release|Any CPU.Build.0 = Release|Any CPU
	EndGlobalSection
	GlobalSection(SolutionProperties) = preSolution
		HideSolutionNode = FALSE
	EndGlobalSection
	GlobalSection(NestedProjects) = preSolution
		{C1327526-7473-4085-A00B-66C00075AD9F} = {3198FC40-D34A-4872-9E46-364065C83903}
	EndGlobalSection
EndGlobal
